
Microsoft Visual Studio Solution File, Format Version 12.00
# Visual Studio 2012
Project("{FAE04EC0-301F-11D3-BF4B-00C04F79EFBC}") = "Blackjack", "Blackjack\Blackjack.csproj", "{272CFC90-69BE-4012-8680-10C5F156AFCC}"
EndProject
Global
	GlobalSection(SolutionConfigurationPlatforms) = preSolution
		Debug|Any CPU = Debug|Any CPU
		Release|Any CPU = Release|Any CPU
	EndGlobalSection
	GlobalSection(ProjectConfigurationPlatforms) = postSolution
		{272CFC90-69BE-4012-8680-10C5F156AFCC}.Debug|Any CPU.ActiveCfg = Debug|Any CPU
		{272CFC90-69BE-4012-8680-10C5F156AFCC}.Debug|Any CPU.Build.0 = Debug|Any CPU
		{272CFC90-69BE-4012-8680-10C5F156AFCC}.Release|Any CPU.ActiveCfg = Release|Any CPU
		{272CFC90-69BE-4012-8680-10C5F156AFCC}.Release|Any CPU.Build.0 = Release|Any CPU
	EndGlobalSection
	GlobalSection(SolutionProperties) = preSolution
		HideSolutionNode = FALSE
	EndGlobalSection
EndGlobal
